
Microsoft Visual Studio Solution File, Format Version 12.00
# Visual Studio Version 17
VisualStudioVersion = 17.0.31903.59
MinimumVisualStudioVersion = 10.0.40219.1
Project("{2150E333-8FDC-42A3-9474-1A3956D46DE8}") = "src", "src", "{827E0CD3-B72D-47B6-A68D-7590B98EB39B}"
EndProject
Project("{FAE04EC0-301F-11D3-BF4B-00C04F79EFBC}") = "Shop.Web", "src\Shop.Web\Shop.Web.csproj", "{DC1456AB-7955-4A3A-9235-50213DF39BF7}"
EndProject
Project("{FAE04EC0-301F-11D3-BF4B-00C04F79EFBC}") = "Shop.Gateway", "src\Shop.Gateway\Shop.Gateway.csproj", "{90F9838A-6CDA-443D-A68D-1ACD971EDC26}"
EndProject
Project("{FAE04EC0-301F-11D3-BF4B-00C04F79EFBC}") = "Shop.IdentityService", "src\Services\Shop.IdentityService\Shop.IdentityService.csproj", "{5D1FD380-7B69-4DD7-927F-0367E7F65C24}"
EndProject
Project("{FAE04EC0-301F-11D3-BF4B-00C04F79EFBC}") = "Shop.CatalogService", "src\Services\Shop.CatalogService\Shop.CatalogService.csproj", "{94AF20A4-FE0A-453F-A4DC-6E1C89A44A51}"
EndProject
Project("{FAE04EC0-301F-11D3-BF4B-00C04F79EFBC}") = "Shop.OrderService", "src\Services\Shop.OrderService\Shop.OrderService.csproj", "{0DE85985-050A-44D7-8B2C-CCB386BD7A25}"
EndProject
Project("{FAE04EC0-301F-11D3-BF4B-00C04F79EFBC}") = "Shop.IdentityService.Tests", "tests\Shop.IdentityService.Tests\Shop.IdentityService.Tests.csproj", "{7181CBF3-8A7A-4B94-8444-1B16EC607D0B}"
EndProject
Project("{FAE04EC0-301F-11D3-BF4B-00C04F79EFBC}") = "Shop.CatalogService.Tests", "tests\Shop.CatalogService.Tests\Shop.CatalogService.Tests.csproj", "{D24A48CE-5A2C-47BF-87A0-1B19F6005654}"
EndProject
Project("{FAE04EC0-301F-11D3-BF4B-00C04F79EFBC}") = "Shop.OrderService.Tests", "tests\Shop.OrderService.Tests\Shop.OrderService.Tests.csproj", "{DA995DA5-2D28-4BF8-BA55-66C2D41435FA}"
EndProject
Project("{FAE04EC0-301F-11D3-BF4B-00C04F79EFBC}") = "Shop.IntegrationTests", "tests\Shop.IntegrationTests\Shop.IntegrationTests.csproj", "{1267C982-0444-4BB8-B1A9-FA0664416D62}"
EndProject
Global
	GlobalSection(SolutionConfigurationPlatforms) = preSolution
		Debug|Any CPU = Debug|Any CPU
		Debug|x64 = Debug|x64
		Debug|x86 = Debug|x86
		Release|Any CPU = Release|Any CPU
		Release|x64 = Release|x64
		Release|x86 = Release|x86
	EndGlobalSection
	GlobalSection(ProjectConfigurationPlatforms) = postSolution
		{DC1456AB-7955-4A3A-9235-50213DF39BF7}.Debug|Any CPU.ActiveCfg = Debug|Any CPU
		{DC1456AB-7955-4A3A-9235-50213DF39BF7}.Debug|Any CPU.Build.0 = Debug|Any CPU
		{DC1456AB-7955-4A3A-9235-50213DF39BF7}.Debug|x64.ActiveCfg = Debug|Any CPU
		{DC1456AB-7955-4A3A-9235-50213DF39BF7}.Debug|x64.Build.0 = Debug|Any CPU
		{DC1456AB-7955-4A3A-9235-50213DF39BF7}.Debug|x86.ActiveCfg = Debug|Any CPU
		{DC1456AB-7955-4A3A-9235-50213DF39BF7}.Debug|x86.Build.0 = Debug|Any CPU
		{DC1456AB-7955-4A3A-9235-50213DF39BF7}.Release|Any CPU.ActiveCfg = Release|Any CPU
		{DC1456AB-7955-4A3A-9235-50213DF39BF7}.Release|Any CPU.Build.0 = Release|Any CPU
		{DC1456AB-7955-4A3A-9235-50213DF39BF7}.Release|x64.ActiveCfg = Release|Any CPU
		{DC1456AB-7955-4A3A-9235-50213DF39BF7}.Release|x64.Build.0 = Release|Any CPU
		{DC1456AB-7955-4A3A-9235-50213DF39BF7}.Release|x86.ActiveCfg = Release|Any CPU
		{DC1456AB-7955-4A3A-9235-50213DF39BF7}.Release|x86.Build.0 = Release|Any CPU
		{90F9838A-6CDA-443D-A68D-1ACD971EDC26}.Debug|Any CPU.ActiveCfg = Debug|Any CPU
		{90F9838A-6CDA-443D-A68D-1ACD971EDC26}.Debug|Any CPU.Build.0 = Debug|Any CPU
		{90F9838A-6CDA-443D-A68D-1ACD971EDC26}.Debug|x64.ActiveCfg = Debug|Any CPU
		{90F9838A-6CDA-443D-A68D-1ACD971EDC26}.Debug|x64.Build.0 = Debug|Any CPU
		{90F9838A-6CDA-443D-A68D-1ACD971EDC26}.Debug|x86.ActiveCfg = Debug|Any CPU
		{90F9838A-6CDA-443D-A68D-1ACD971EDC26}.Debug|x86.Build.0 = Debug|Any CPU
		{90F9838A-6CDA-443D-A68D-1ACD971EDC26}.Release|Any CPU.ActiveCfg = Release|Any CPU
		{90F9838A-6CDA-443D-A68D-1ACD971EDC26}.Release|Any CPU.Build.0 = Release|Any CPU
		{90F9838A-6CDA-443D-A68D-1ACD971EDC26}.Release|x64.ActiveCfg = Release|Any CPU
		{90F9838A-6CDA-443D-A68D-1ACD971EDC26}.Release|x64.Build.0 = Release|Any CPU
		{90F9838A-6CDA-443D-A68D-1ACD971EDC26}.Release|x86.ActiveCfg = Release|Any CPU
		{90F9838A-6CDA-443D-A68D-1ACD971EDC26}.Release|x86.Build.0 = Release|Any CPU
		{5D1FD380-7B69-4DD7-927F-0367E7F65C24}.Debug|Any CPU.ActiveCfg = Debug|Any CPU
		{5D1FD380-7B69-4DD7-927F-0367E7F65C24}.Debug|Any CPU.Build.0 = Debug|Any CPU
		{5D1FD380-7B69-4DD7-927F-0367E7F65C24}.Debug|x64.ActiveCfg = Debug|Any CPU
		{5D1FD380-7B69-4DD7-927F-0367E7F65C24}.Debug|x64.Build.0 = Debug|Any CPU
		{5D1FD380-7B69-4DD7-927F-0367E7F65C24}.Debug|x86.ActiveCfg = Debug|Any CPU
		{5D1FD380-7B69-4DD7-927F-0367E7F65C24}.Debug|x86.Build.0 = Debug|Any CPU
		{5D1FD380-7B69-4DD7-927F-0367E7F65C24}.Release|Any CPU.ActiveCfg = Release|Any CPU
		{5D1FD380-7B69-4DD7-927F-0367E7F65C24}.Release|Any CPU.Build.0 = Release|Any CPU
		{5D1FD380-7B69-4DD7-927F-0367E7F65C24}.Release|x64.ActiveCfg = Release|Any CPU
		{5D1FD380-7B69-4DD7-927F-0367E7F65C24}.Release|x64.Build.0 = Release|Any CPU
		{5D1FD380-7B69-4DD7-927F-0367E7F65C24}.Release|x86.ActiveCfg = Release|Any CPU
		{5D1FD380-7B69-4DD7-927F-0367E7F65C24}.Release|x86.Build.0 = Release|Any CPU
		{94AF20A4-FE0A-453F-A4DC-6E1C89A44A51}.Debug|Any CPU.ActiveCfg = Debug|Any CPU
		{94AF20A4-FE0A-453F-A4DC-6E1C89A44A51}.Debug|Any CPU.Build.0 = Debug|Any CPU
		{94AF20A4-FE0A-453F-A4DC-6E1C89A44A51}.Debug|x64.ActiveCfg = Debug|Any CPU
		{94AF20A4-FE0A-453F-A4DC-6E1C89A44A51}.Debug|x64.Build.0 = Debug|Any CPU
		{94AF20A4-FE0A-453F-A4DC-6E1C89A44A51}.Debug|x86.ActiveCfg = Debug|Any CPU
		{94AF20A4-FE0A-453F-A4DC-6E1C89A44A51}.Debug|x86.Build.0 = Debug|Any CPU
		{94AF20A4-FE0A-453F-A4DC-6E1C89A44A51}.Release|Any CPU.ActiveCfg = Release|Any CPU
		{94AF20A4-FE0A-453F-A4DC-6E1C89A44A51}.Release|Any CPU.Build.0 = Release|Any CPU
		{94AF20A4-FE0A-453F-A4DC-6E1C89A44A51}.Release|x64.ActiveCfg = Release|Any CPU
		{94AF20A4-FE0A-453F-A4DC-6E1C89A44A51}.Release|x64.Build.0 = Release|Any CPU
		{94AF20A4-FE0A-453F-A4DC-6E1C89A44A51}.Release|x86.ActiveCfg = Release|Any CPU
		{94AF20A4-FE0A-453F-A4DC-6E1C89A44A51}.Release|x86.Build.0 = Release|Any CPU
		{0DE85985-050A-44D7-8B2C-CCB386BD7A25}.Debug|Any CPU.ActiveCfg = Debug|Any CPU
		{0DE85985-050A-44D7-8B2C-CCB386BD7A25}.Debug|Any CPU.Build.0 = Debug|Any CPU
		{0DE85985-050A-44D7-8B2C-CCB386BD7A25}.Debug|x64.ActiveCfg = Debug|Any CPU
		{0DE85985-050A-44D7-8B2C-CCB386BD7A25}.Debug|x64.Build.0 = Debug|Any CPU
		{0DE85985-050A-44D7-8B2C-CCB386BD7A25}.Debug|x86.ActiveCfg = Debug|Any CPU
		{0DE85985-050A-44D7-8B2C-CCB386BD7A25}.Debug|x86.Build.0 = Debug|Any CPU
		{0DE85985-050A-44D7-8B2C-CCB386BD7A25}.Release|Any CPU.ActiveCfg = Release|Any CPU
		{0DE85985-050A-44D7-8B2C-CCB386BD7A25}.Release|Any CPU.Build.0 = Release|Any CPU
		{0DE85985-050A-44D7-8B2C-CCB386BD7A25}.Release|x64.ActiveCfg = Release|Any CPU
		{0DE85985-050A-44D7-8B2C-CCB386BD7A25}.Release|x64.Build.0 = Release|Any CPU
		{0DE85985-050A-44D7-8B2C-CCB386BD7A25}.Release|x86.ActiveCfg = Release|Any CPU
		{0DE85985-050A-44D7-8B2C-CCB386BD7A25}.Release|x86.Build.0 = Release|Any CPU
		{7181CBF3-8A7A-4B94-8444-1B16EC607D0B}.Debug|Any CPU.ActiveCfg = Debug|Any CPU
		{7181CBF3-8A7A-4B94-8444-1B16EC607D0B}.Debug|Any CPU.Build.0 = Debug|Any CPU
		{7181CBF3-8A7A-4B94-8444-1B16EC607D0B}.Debug|x64.ActiveCfg = Debug|Any CPU
		{7181CBF3-8A7A-4B94-8444-1B16EC607D0B}.Debug|x64.Build.0 = Debug|Any CPU
		{7181CBF3-8A7A-4B94-8444-1B16EC607D0B}.Debug|x86.ActiveCfg = Debug|Any CPU
		{7181CBF3-8A7A-4B94-8444-1B16EC607D0B}.Debug|x86.Build.0 = Debug|Any CPU
		{7181CBF3-8A7A-4B94-8444-1B16EC607D0B}.Release|Any CPU.ActiveCfg = Release|Any CPU
		{7181CBF3-8A7A-4B94-8444-1B16EC607D0B}.Release|Any CPU.Build.0 = Release|Any CPU
		{7181CBF3-8A7A-4B94-8444-1B16EC607D0B}.Release|x64.ActiveCfg = Release|Any CPU
		{7181CBF3-8A7A-4B94-8444-1B16EC607D0B}.Release|x64.Build.0 = Release|Any CPU
		{7181CBF3-8A7A-4B94-8444-1B16EC607D0B}.Release|x86.ActiveCfg = Release|Any CPU
		{7181CBF3-8A7A-4B94-8444-1B16EC607D0B}.Release|x86.Build.0 = Release|Any CPU
		{D24A48CE-5A2C-47BF-87A0-1B19F6005654}.Debug|Any CPU.ActiveCfg = Debug|Any CPU
		{D24A48CE-5A2C-47BF-87A0-1B19F6005654}.Debug|Any CPU.Build.0 = Debug|Any CPU
		{D24A48CE-5A2C-47BF-87A0-1B19F6005654}.Debug|x64.ActiveCfg = Debug|Any CPU
		{D24A48CE-5A2C-47BF-87A0-1B19F6005654}.Debug|x64.Build.0 = Debug|Any CPU
		{D24A48CE-5A2C-47BF-87A0-1B19F6005654}.Debug|x86.ActiveCfg = Debug|Any CPU
		{D24A48CE-5A2C-47BF-87A0-1B19F6005654}.Debug|x86.Build.0 = Debug|Any CPU
		{D24A48CE-5A2C-47BF-87A0-1B19F6005654}.Release|Any CPU.ActiveCfg = Release|Any CPU
		{D24A48CE-5A2C-47BF-87A0-1B19F6005654}.Release|Any CPU.Build.0 = Release|Any CPU
		{D24A48CE-5A2C-47BF-87A0-1B19F6005654}.Release|x64.ActiveCfg = Release|Any CPU
		{D24A48CE-5A2C-47BF-87A0-1B19F6005654}.Release|x64.Build.0 = Release|Any CPU
		{D24A48CE-5A2C-47BF-87A0-1B19F6005654}.Release|x86.ActiveCfg = Release|Any CPU
		{D24A48CE-5A2C-47BF-87A0-1B19F6005654}.Release|x86.Build.0 = Release|Any CPU
		{DA995DA5-2D28-4BF8-BA55-66C2D41435FA}.Debug|Any CPU.ActiveCfg = Debug|Any CPU
		{DA995DA5-2D28-4BF8-BA55-66C2D41435FA}.Debug|Any CPU.Build.0 = Debug|Any CPU
		{DA995DA5-2D28-4BF8-BA55-66C2D41435FA}.Debug|x64.ActiveCfg = Debug|Any CPU
		{DA995DA5-2D28-4BF8-BA55-66C2D41435FA}.Debug|x64.Build.0 = Debug|Any CPU
		{DA995DA5-2D28-4BF8-BA55-66C2D41435FA}.Debug|x86.ActiveCfg = Debug|Any CPU
		{DA995DA5-2D28-4BF8-BA55-66C2D41435FA}.Debug|x86.Build.0 = Debug|Any CPU
		{DA995DA5-2D28-4BF8-BA55-66C2D41435FA}.Release|Any CPU.ActiveCfg = Release|Any CPU
		{DA995DA5-2D28-4BF8-BA55-66C2D41435FA}.Release|Any CPU.Build.0 = Release|Any CPU
		{DA995DA5-2D28-4BF8-BA55-66C2D41435FA}.Release|x64.ActiveCfg = Release|Any CPU
		{DA995DA5-2D28-4BF8-BA55-66C2D41435FA}.Release|x64.Build.0 = Release|Any CPU
		{DA995DA5-2D28-4BF8-BA55-66C2D41435FA}.Release|x86.ActiveCfg = Release|Any CPU
		{DA995DA5-2D28-4BF8-BA55-66C2D41435FA}.Release|x86.Build.0 = Release|Any CPU
		{1267C982-0444-4BB8-B1A9-FA0664416D62}.Debug|Any CPU.ActiveCfg = Debug|Any CPU
		{1267C982-0444-4BB8-B1A9-FA0664416D62}.Debug|Any CPU.Build.0 = Debug|Any CPU
		{1267C982-0444-4BB8-B1A9-FA0664416D62}.Debug|x64.ActiveCfg = Debug|Any CPU
		{1267C982-0444-4BB8-B1A9-FA0664416D62}.Debug|x64.Build.0 = Debug|Any CPU
		{1267C982-0444-4BB8-B1A9-FA0664416D62}.Debug|x86.ActiveCfg = Debug|Any CPU
		{1267C982-0444-4BB8-B1A9-FA0664416D62}.Debug|x86.Build.0 = Debug|Any CPU
		{1267C982-0444-4BB8-B1A9-FA0664416D62}.Release|Any CPU.ActiveCfg = Release|Any CPU
		{1267C982-0444-4BB8-B1A9-FA0664416D62}.Release|Any CPU.Build.0 = Release|Any CPU
		{1267C982-0444-4BB8-B1A9-FA0664416D62}.Release|x64.ActiveCfg = Release|Any CPU
		{1267C982-0444-4BB8-B1A9-FA0664416D62}.Release|x64.Build.0 = Release|Any CPU
		{1267C982-0444-4BB8-B1A9-FA0664416D62}.Release|x86.ActiveCfg = Release|Any CPU
		{1267C982-0444-4BB8-B1A9-FA0664416D62}.Release|x86.Build.0 = Release|Any CPU
	EndGlobalSection
	GlobalSection(SolutionProperties) = preSolution
		HideSolutionNode = FALSE
	EndGlobalSection
	GlobalSection(NestedProjects) = preSolution
		{DC1456AB-7955-4A3A-9235-50213DF39BF7} = {827E0CD3-B72D-47B6-A68D-7590B98EB39B}
		{90F9838A-6CDA-443D-A68D-1ACD971EDC26} = {827E0CD3-B72D-47B6-A68D-7590B98EB39B}
		{5D1FD380-7B69-4DD7-927F-0367E7F65C24} = {827E0CD3-B72D-47B6-A68D-7590B98EB39B}
		{94AF20A4-FE0A-453F-A4DC-6E1C89A44A51} = {827E0CD3-B72D-47B6-A68D-7590B98EB39B}
		{0DE85985-050A-44D7-8B2C-CCB386BD7A25} = {827E0CD3-B72D-47B6-A68D-7590B98EB39B}
		{7181CBF3-8A7A-4B94-8444-1B16EC607D0B} = {827E0CD3-B72D-47B6-A68D-7590B98EB39B}
		{D24A48CE-5A2C-47BF-87A0-1B19F6005654} = {827E0CD3-B72D-47B6-A68D-7590B98EB39B}
		{DA995DA5-2D28-4BF8-BA55-66C2D41435FA} = {827E0CD3-B72D-47B6-A68D-7590B98EB39B}
		{1267C982-0444-4BB8-B1A9-FA0664416D62} = {827E0CD3-B72D-47B6-A68D-7590B98EB39B}
	EndGlobalSection
EndGlobal
